
Microsoft Visual Studio Solution File, Format Version 12.00
# Visual Studio Version 16
VisualStudioVersion = 16.0.30711.63
MinimumVisualStudioVersion = 10.0.40219.1
Project("{9A19103F-16F7-4668-BE54-9A1E7A4F7556}") = "Practice", "Practice\Practice.csproj", "{C05A3267-C10D-447A-8084-6A8C37A46539}"
EndProject
Project("{9A19103F-16F7-4668-BE54-9A1E7A4F7556}") = "LandmarkAI", "LandmarkAI\LandmarkAI.csproj", "{2A2DC375-652F-40D6-8033-356B082E519A}"
EndProject
Project("{9A19103F-16F7-4668-BE54-9A1E7A4F7556}") = "Calculator", "Calculator\Calculator.csproj", "{C03ACD9D-3D42-499D-97FF-1350CDF48F48}"
EndProject
Project("{FAE04EC0-301F-11D3-BF4B-00C04F79EFBC}") = "Contacts", "Contacts\Contacts.csproj", "{681B045A-6DD9-4647-91FA-1ABCCA133747}"
EndProject
Global
	GlobalSection(SolutionConfigurationPlatforms) = preSolution
		Debug|Any CPU = Debug|Any CPU
		Release|Any CPU = Release|Any CPU
	EndGlobalSection
	GlobalSection(ProjectConfigurationPlatforms) = postSolution
		{C05A3267-C10D-447A-8084-6A8C37A46539}.Debug|Any CPU.ActiveCfg = Debug|Any CPU
		{C05A3267-C10D-447A-8084-6A8C37A46539}.Debug|Any CPU.Build.0 = Debug|Any CPU
		{C05A3267-C10D-447A-8084-6A8C37A46539}.Release|Any CPU.ActiveCfg = Release|Any CPU
		{C05A3267-C10D-447A-8084-6A8C37A46539}.Release|Any CPU.Build.0 = Release|Any CPU
		{2A2DC375-652F-40D6-8033-356B082E519A}.Debug|Any CPU.ActiveCfg = Debug|Any CPU
		{2A2DC375-652F-40D6-8033-356B082E519A}.Debug|Any CPU.Build.0 = Debug|Any CPU
		{2A2DC375-652F-40D6-8033-356B082E519A}.Release|Any CPU.ActiveCfg = Release|Any CPU
		{2A2DC375-652F-40D6-8033-356B082E519A}.Release|Any CPU.Build.0 = Release|Any CPU
		{C03ACD9D-3D42-499D-97FF-1350CDF48F48}.Debug|Any CPU.ActiveCfg = Debug|Any CPU
		{C03ACD9D-3D42-499D-97FF-1350CDF48F48}.Debug|Any CPU.Build.0 = Debug|Any CPU
		{C03ACD9D-3D42-499D-97FF-1350CDF48F48}.Release|Any CPU.ActiveCfg = Release|Any CPU
		{C03ACD9D-3D42-499D-97FF-1350CDF48F48}.Release|Any CPU.Build.0 = Release|Any CPU
		{681B045A-6DD9-4647-91FA-1ABCCA133747}.Debug|Any CPU.ActiveCfg = Debug|Any CPU
		{681B045A-6DD9-4647-91FA-1ABCCA133747}.Debug|Any CPU.Build.0 = Debug|Any CPU
		{681B045A-6DD9-4647-91FA-1ABCCA133747}.Release|Any CPU.ActiveCfg = Release|Any CPU
		{681B045A-6DD9-4647-91FA-1ABCCA133747}.Release|Any CPU.Build.0 = Release|Any CPU
	EndGlobalSection
	GlobalSection(SolutionProperties) = preSolution
		HideSolutionNode = FALSE
	EndGlobalSection
	GlobalSection(ExtensibilityGlobals) = postSolution
		SolutionGuid = {8EF0B692-07CE-42E6-BD09-50820344FDC4}
	EndGlobalSection
EndGlobal
